
Microsoft Visual Studio Solution File, Format Version 12.00
# Visual Studio 15
VisualStudioVersion = 15.0.28307.1758
MinimumVisualStudioVersion = 10.0.40219.1
Project("{8BC9CEB8-8B4A-11D0-8D11-00A0C91BC942}") = "duilibRoutine", "duilibRoutine\duilibRoutine.vcxproj", "{B2EF97F5-DB5F-4D15-BE37-E7755A589F0C}"
	ProjectSection(ProjectDependencies) = postProject
		{E106ACD7-4E53-4AEE-942B-D0DD426DB34E} = {E106ACD7-4E53-4AEE-942B-D0DD426DB34E}
	EndProjectSection
EndProject
Project("{8BC9CEB8-8B4A-11D0-8D11-00A0C91BC942}") = "DuiLib", "DuiLib\DuiLib.vcxproj", "{E106ACD7-4E53-4AEE-942B-D0DD426DB34E}"
EndProject
Project("{8BC9CEB8-8B4A-11D0-8D11-00A0C91BC942}") = "TreeNodeRoutine", "TreeNodeRoutine\TreeNodeRoutine.vcxproj", "{66ECD026-D3C7-4799-BE38-45B5514EE071}"
	ProjectSection(ProjectDependencies) = postProject
		{E106ACD7-4E53-4AEE-942B-D0DD426DB34E} = {E106ACD7-4E53-4AEE-942B-D0DD426DB34E}
	EndProjectSection
EndProject
Project("{8BC9CEB8-8B4A-11D0-8D11-00A0C91BC942}") = "TabLayoutRoutine", "TabLayoutRoutine\TabLayoutRoutine.vcxproj", "{82B71942-0E90-4BA5-A2D3-5D6C492C1773}"
	ProjectSection(ProjectDependencies) = postProject
		{E106ACD7-4E53-4AEE-942B-D0DD426DB34E} = {E106ACD7-4E53-4AEE-942B-D0DD426DB34E}
	EndProjectSection
EndProject
Global
	GlobalSection(SolutionConfigurationPlatforms) = preSolution
		Debug|x64 = Debug|x64
		Debug|x86 = Debug|x86
		Release|x64 = Release|x64
		Release|x86 = Release|x86
		UnicodeDebug|x64 = UnicodeDebug|x64
		UnicodeDebug|x86 = UnicodeDebug|x86
		UnicodeRelease|x64 = UnicodeRelease|x64
		UnicodeRelease|x86 = UnicodeRelease|x86
	EndGlobalSection
	GlobalSection(ProjectConfigurationPlatforms) = postSolution
		{B2EF97F5-DB5F-4D15-BE37-E7755A589F0C}.Debug|x64.ActiveCfg = Debug|x64
		{B2EF97F5-DB5F-4D15-BE37-E7755A589F0C}.Debug|x64.Build.0 = Debug|x64
		{B2EF97F5-DB5F-4D15-BE37-E7755A589F0C}.Debug|x86.ActiveCfg = Debug|Win32
		{B2EF97F5-DB5F-4D15-BE37-E7755A589F0C}.Debug|x86.Build.0 = Debug|Win32
		{B2EF97F5-DB5F-4D15-BE37-E7755A589F0C}.Release|x64.ActiveCfg = Release|x64
		{B2EF97F5-DB5F-4D15-BE37-E7755A589F0C}.Release|x64.Build.0 = Release|x64
		{B2EF97F5-DB5F-4D15-BE37-E7755A589F0C}.Release|x86.ActiveCfg = Release|Win32
		{B2EF97F5-DB5F-4D15-BE37-E7755A589F0C}.Release|x86.Build.0 = Release|Win32
		{B2EF97F5-DB5F-4D15-BE37-E7755A589F0C}.UnicodeDebug|x64.ActiveCfg = Debug|x64
		{B2EF97F5-DB5F-4D15-BE37-E7755A589F0C}.UnicodeDebug|x64.Build.0 = Debug|x64
		{B2EF97F5-DB5F-4D15-BE37-E7755A589F0C}.UnicodeDebug|x86.ActiveCfg = Debug|Win32
		{B2EF97F5-DB5F-4D15-BE37-E7755A589F0C}.UnicodeDebug|x86.Build.0 = Debug|Win32
		{B2EF97F5-DB5F-4D15-BE37-E7755A589F0C}.UnicodeRelease|x64.ActiveCfg = Release|x64
		{B2EF97F5-DB5F-4D15-BE37-E7755A589F0C}.UnicodeRelease|x64.Build.0 = Release|x64
		{B2EF97F5-DB5F-4D15-BE37-E7755A589F0C}.UnicodeRelease|x86.ActiveCfg = Release|Win32
		{B2EF97F5-DB5F-4D15-BE37-E7755A589F0C}.UnicodeRelease|x86.Build.0 = Release|Win32
		{E106ACD7-4E53-4AEE-942B-D0DD426DB34E}.Debug|x64.ActiveCfg = Debug|Win32
		{E106ACD7-4E53-4AEE-942B-D0DD426DB34E}.Debug|x86.ActiveCfg = Debug|Win32
		{E106ACD7-4E53-4AEE-942B-D0DD426DB34E}.Debug|x86.Build.0 = Debug|Win32
		{E106ACD7-4E53-4AEE-942B-D0DD426DB34E}.Release|x64.ActiveCfg = Release|Win32
		{E106ACD7-4E53-4AEE-942B-D0DD426DB34E}.Release|x86.ActiveCfg = Release|Win32
		{E106ACD7-4E53-4AEE-942B-D0DD426DB34E}.Release|x86.Build.0 = Release|Win32
		{E106ACD7-4E53-4AEE-942B-D0DD426DB34E}.UnicodeDebug|x64.ActiveCfg = UnicodeDebug|Win32
		{E106ACD7-4E53-4AEE-942B-D0DD426DB34E}.UnicodeDebug|x86.ActiveCfg = UnicodeDebug|Win32
		{E106ACD7-4E53-4AEE-942B-D0DD426DB34E}.UnicodeDebug|x86.Build.0 = UnicodeDebug|Win32
		{E106ACD7-4E53-4AEE-942B-D0DD426DB34E}.UnicodeRelease|x64.ActiveCfg = UnicodeRelease|Win32
		{E106ACD7-4E53-4AEE-942B-D0DD426DB34E}.UnicodeRelease|x86.ActiveCfg = UnicodeRelease|Win32
		{E106ACD7-4E53-4AEE-942B-D0DD426DB34E}.UnicodeRelease|x86.Build.0 = UnicodeRelease|Win32
		{66ECD026-D3C7-4799-BE38-45B5514EE071}.Debug|x64.ActiveCfg = Debug|x64
		{66ECD026-D3C7-4799-BE38-45B5514EE071}.Debug|x64.Build.0 = Debug|x64
		{66ECD026-D3C7-4799-BE38-45B5514EE071}.Debug|x86.ActiveCfg = Debug|Win32
		{66ECD026-D3C7-4799-BE38-45B5514EE071}.Debug|x86.Build.0 = Debug|Win32
		{66ECD026-D3C7-4799-BE38-45B5514EE071}.Release|x64.ActiveCfg = Release|x64
		{66ECD026-D3C7-4799-BE38-45B5514EE071}.Release|x64.Build.0 = Release|x64
		{66ECD026-D3C7-4799-BE38-45B5514EE071}.Release|x86.ActiveCfg = Release|Win32
		{66ECD026-D3C7-4799-BE38-45B5514EE071}.Release|x86.Build.0 = Release|Win32
		{66ECD026-D3C7-4799-BE38-45B5514EE071}.UnicodeDebug|x64.ActiveCfg = Debug|x64
		{66ECD026-D3C7-4799-BE38-45B5514EE071}.UnicodeDebug|x64.Build.0 = Debug|x64
		{66ECD026-D3C7-4799-BE38-45B5514EE071}.UnicodeDebug|x86.ActiveCfg = Debug|Win32
		{66ECD026-D3C7-4799-BE38-45B5514EE071}.UnicodeDebug|x86.Build.0 = Debug|Win32
		{66ECD026-D3C7-4799-BE38-45B5514EE071}.UnicodeRelease|x64.ActiveCfg = Release|x64
		{66ECD026-D3C7-4799-BE38-45B5514EE071}.UnicodeRelease|x64.Build.0 = Release|x64
		{66ECD026-D3C7-4799-BE38-45B5514EE071}.UnicodeRelease|x86.ActiveCfg = Release|Win32
		{66ECD026-D3C7-4799-BE38-45B5514EE071}.UnicodeRelease|x86.Build.0 = Release|Win32
		{82B71942-0E90-4BA5-A2D3-5D6C492C1773}.Debug|x64.ActiveCfg = Debug|x64
		{82B71942-0E90-4BA5-A2D3-5D6C492C1773}.Debug|x64.Build.0 = Debug|x64
		{82B71942-0E90-4BA5-A2D3-5D6C492C1773}.Debug|x86.ActiveCfg = Debug|Win32
		{82B71942-0E90-4BA5-A2D3-5D6C492C1773}.Debug|x86.Build.0 = Debug|Win32
		{82B71942-0E90-4BA5-A2D3-5D6C492C1773}.Release|x64.ActiveCfg = Release|x64
		{82B71942-0E90-4BA5-A2D3-5D6C492C1773}.Release|x64.Build.0 = Release|x64
		{82B71942-0E90-4BA5-A2D3-5D6C492C1773}.Release|x86.ActiveCfg = Release|Win32
		{82B71942-0E90-4BA5-A2D3-5D6C492C1773}.Release|x86.Build.0 = Release|Win32
		{82B71942-0E90-4BA5-A2D3-5D6C492C1773}.UnicodeDebug|x64.ActiveCfg = Debug|x64
		{82B71942-0E90-4BA5-A2D3-5D6C492C1773}.UnicodeDebug|x64.Build.0 = Debug|x64
		{82B71942-0E90-4BA5-A2D3-5D6C492C1773}.UnicodeDebug|x86.ActiveCfg = Debug|Win32
		{82B71942-0E90-4BA5-A2D3-5D6C492C1773}.UnicodeDebug|x86.Build.0 = Debug|Win32
		{82B71942-0E90-4BA5-A2D3-5D6C492C1773}.UnicodeRelease|x64.ActiveCfg = Release|x64
		{82B71942-0E90-4BA5-A2D3-5D6C492C1773}.UnicodeRelease|x64.Build.0 = Release|x64
		{82B71942-0E90-4BA5-A2D3-5D6C492C1773}.UnicodeRelease|x86.ActiveCfg = Release|Win32
		{82B71942-0E90-4BA5-A2D3-5D6C492C1773}.UnicodeRelease|x86.Build.0 = Release|Win32
	EndGlobalSection
	GlobalSection(SolutionProperties) = preSolution
		HideSolutionNode = FALSE
	EndGlobalSection
	GlobalSection(ExtensibilityGlobals) = postSolution
		SolutionGuid = {37F893F4-FFD4-4940-B864-906005EB3B01}
	EndGlobalSection
EndGlobal
